{
  "name": "autotranslate",
  "version": "0.1.14",
  "lockfileVersion": 1,
  "requires": true,
  "dependencies": {
    "adler-32": {
      "version": "1.1.0",
      "resolved": "https://registry.npmjs.org/adler-32/-/adler-32-1.1.0.tgz",
      "integrity": "sha1-A1UaXH8O371PyPoSpoFJeOq2UcM=",
      "requires": {
        "exit-on-epipe": "1.0.1",
        "printj": "1.1.0"
      }
    },
    "ansi-regex": {
      "version": "2.1.1",
      "resolved": "https://registry.npmjs.org/ansi-regex/-/ansi-regex-2.1.1.tgz",
      "integrity": "sha1-w7M6te42DYbg5ijwRorn7yfWVN8="
    },
    "aproba": {
      "version": "1.2.0",
      "resolved": "https://registry.npmjs.org/aproba/-/aproba-1.2.0.tgz",
      "integrity": "sha512-Y9J6ZjXtoYh8RnXVCMOU/ttDmk1aBjunq9vO0ta5x85WDQiQfUF9sIPBITdbiiIVcBo03Hi3jMxigBtsddlXRw=="
    },
    "ast-types": {
      "version": "0.10.1",
      "resolved": "https://registry.npmjs.org/ast-types/-/ast-types-0.10.1.tgz",
      "integrity": "sha512-UY7+9DPzlJ9VM8eY0b2TUZcZvF+1pO0hzMtAyjBYKhOmnvRlqYNYnWdtsMj0V16CGaMlpL0G1jnLbLo4AyotuQ=="
    },
    "babylon": {
      "version": "6.18.0",
      "resolved": "https://registry.npmjs.org/babylon/-/babylon-6.18.0.tgz",
      "integrity": "sha512-q/UEjfGJ2Cm3oKV71DJz9d25TPnq5rhBVL2Q4fA5wcC3jcrdn7+SssEybFIxwAvvP+YCsCYNKughoF33GxgycQ=="
    },
    "balanced-match": {
      "version": "1.0.0",
      "resolved": "https://registry.npmjs.org/balanced-match/-/balanced-match-1.0.0.tgz",
      "integrity": "sha1-ibTRmasr7kneFk6gK4nORi1xt2c="
    },
    "brace-expansion": {
      "version": "1.1.8",
      "resolved": "https://registry.npmjs.org/brace-expansion/-/brace-expansion-1.1.8.tgz",
      "integrity": "sha1-wHshHHyVLsH479Uad+8NHTmQopI=",
      "requires": {
        "balanced-match": "1.0.0",
        "concat-map": "0.0.1"
      }
    },
    "cfb": {
      "version": "1.0.0",
      "resolved": "https://registry.npmjs.org/cfb/-/cfb-1.0.0.tgz",
      "integrity": "sha512-nDzEYhfR9kqwcRrnAPQnPbisPorodhkJTkMS2QG12y9kHNXnF+8ByWFLyqxbVfry1jWuXlT1PCK11+MOS8uGKg==",
      "requires": {
        "commander": "2.11.0",
        "printj": "1.1.0"
      },
      "dependencies": {
        "commander": {
          "version": "2.11.0",
          "resolved": "https://registry.npmjs.org/commander/-/commander-2.11.0.tgz",
          "integrity": "sha512-b0553uYA5YAEGgyYIGYROzKQ7X5RAqedkfjiZxwi0kL1g3bOaBNNZfYkzt/CL0umgD5wc9Jec2FbB98CjkMRvQ=="
        }
      }
    },
    "code-point-at": {
      "version": "1.1.0",
      "resolved": "https://registry.npmjs.org/code-point-at/-/code-point-at-1.1.0.tgz",
      "integrity": "sha1-DQcLTQQ6W+ozovGkDi7bPZpMz3c="
    },
    "codepage": {
      "version": "1.11.0",
      "resolved": "https://registry.npmjs.org/codepage/-/codepage-1.11.0.tgz",
      "integrity": "sha1-EHYJW58DtcoE9Dhz+hpid0IoXeI=",
      "requires": {
        "commander": "2.11.0",
        "exit-on-epipe": "1.0.1",
        "voc": "1.0.0"
      },
      "dependencies": {
        "commander": {
          "version": "2.11.0",
          "resolved": "https://registry.npmjs.org/commander/-/commander-2.11.0.tgz",
          "integrity": "sha512-b0553uYA5YAEGgyYIGYROzKQ7X5RAqedkfjiZxwi0kL1g3bOaBNNZfYkzt/CL0umgD5wc9Jec2FbB98CjkMRvQ=="
        }
      }
    },
    "colors": {
      "version": "1.2.1",
      "resolved": "https://registry.npmjs.org/colors/-/colors-1.2.1.tgz",
      "integrity": "sha512-s8+wktIuDSLffCywiwSxQOMqtPxML11a/dtHE17tMn4B1MSWw/C22EKf7M2KGUBcDaVFEGT+S8N02geDXeuNKg=="
    },
    "commander": {
      "version": "2.12.1",
      "resolved": "https://registry.npmjs.org/commander/-/commander-2.12.1.tgz",
      "integrity": "sha512-PCNLExLlI5HiPdaJs4pMXwOTHkSCpNQ1QJH9ykZLKtKEyKu3p9HgmH5l97vM8c0IUz6d54l+xEu2GG9yuYrFzA=="
    },
    "concat-map": {
      "version": "0.0.1",
      "resolved": "https://registry.npmjs.org/concat-map/-/concat-map-0.0.1.tgz",
      "integrity": "sha1-2Klr13/Wjfd5OnMDajug1UBdR3s="
    },
    "console-control-strings": {
      "version": "1.1.0",
      "resolved": "https://registry.npmjs.org/console-control-strings/-/console-control-strings-1.1.0.tgz",
      "integrity": "sha1-PXz0Rk22RG6mRL9LOVB/mFEAjo4="
    },
    "conventional-commit-types": {
      "version": "2.2.0",
      "resolved": "https://registry.npmjs.org/conventional-commit-types/-/conventional-commit-types-2.2.0.tgz",
      "integrity": "sha1-XblXOdbCEqy+e29lahG5QLqmiUY=",
      "dev": true
    },
    "crc-32": {
      "version": "1.1.1",
      "resolved": "https://registry.npmjs.org/crc-32/-/crc-32-1.1.1.tgz",
      "integrity": "sha1-XXOdXkxuNSrYME1zIj1IP+Va240=",
      "requires": {
        "exit-on-epipe": "1.0.1",
        "printj": "1.1.0"
      }
    },
    "cz-conventional-changelog": {
      "version": "2.1.0",
      "resolved": "https://registry.npmjs.org/cz-conventional-changelog/-/cz-conventional-changelog-2.1.0.tgz",
      "integrity": "sha1-L0vHOQ4yROTfKT5ro1Hkx0Cnx2Q=",
      "dev": true,
      "requires": {
        "conventional-commit-types": "2.2.0",
        "lodash.map": "4.6.0",
        "longest": "1.0.1",
        "right-pad": "1.0.1",
        "word-wrap": "1.2.3"
      }
    },
    "esprima": {
      "version": "4.0.0",
      "resolved": "https://registry.npmjs.org/esprima/-/esprima-4.0.0.tgz",
      "integrity": "sha512-oftTcaMu/EGrEIu904mWteKIv8vMuOgGYo7EhVJJN00R/EED9DCua/xxHRdYnKtcECzVg7xOWhflvJMnqcFZjw=="
    },
    "exit-on-epipe": {
      "version": "1.0.1",
      "resolved": "https://registry.npmjs.org/exit-on-epipe/-/exit-on-epipe-1.0.1.tgz",
      "integrity": "sha512-h2z5mrROTxce56S+pnvAV890uu7ls7f1kEvVGJbw1OlFH3/mlJ5bkXu0KRyW94v37zzHPiUd55iLn3DA7TjWpw=="
    },
    "frac": {
      "version": "1.1.0",
      "resolved": "https://registry.npmjs.org/frac/-/frac-1.1.0.tgz",
      "integrity": "sha1-3EN+nGpka2CxJ9gqxJAkZERcweM=",
      "requires": {
        "voc": "1.0.0"
      }
    },
    "fs.realpath": {
      "version": "1.0.0",
      "resolved": "https://registry.npmjs.org/fs.realpath/-/fs.realpath-1.0.0.tgz",
      "integrity": "sha1-FQStJSMVjKpA20onh8sBQRmU6k8="
    },
    "gauge": {
      "version": "2.7.4",
      "resolved": "https://registry.npmjs.org/gauge/-/gauge-2.7.4.tgz",
      "integrity": "sha1-LANAXHU4w51+s3sxcCLjJfsBi/c=",
      "requires": {
        "aproba": "1.2.0",
        "console-control-strings": "1.1.0",
        "has-unicode": "2.0.1",
        "object-assign": "4.1.1",
        "signal-exit": "3.0.2",
        "string-width": "1.0.2",
        "strip-ansi": "3.0.1",
        "wide-align": "1.1.2"
      }
    },
    "glob": {
      "version": "7.1.2",
      "resolved": "https://registry.npmjs.org/glob/-/glob-7.1.2.tgz",
      "integrity": "sha512-MJTUg1kjuLeQCJ+ccE4Vpa6kKVXkPYJ2mOCQyUuKLcLQsdrMCpBPUi8qVE6+YuaJkozeA9NusTAw3hLr8Xe5EQ==",
      "requires": {
        "fs.realpath": "1.0.0",
        "inflight": "1.0.6",
        "inherits": "2.0.3",
        "minimatch": "3.0.4",
        "once": "1.4.0",
        "path-is-absolute": "1.0.1"
      }
    },
    "has-unicode": {
      "version": "2.0.1",
      "resolved": "https://registry.npmjs.org/has-unicode/-/has-unicode-2.0.1.tgz",
      "integrity": "sha1-4Ob+aijPUROIVeCG0Wkedx3iqLk="
    },
    "inflight": {
      "version": "1.0.6",
      "resolved": "https://registry.npmjs.org/inflight/-/inflight-1.0.6.tgz",
      "integrity": "sha1-Sb1jMdfQLQwJvJEKEHW6gWW1bfk=",
      "requires": {
        "once": "1.4.0",
        "wrappy": "1.0.2"
      }
    },
    "inherits": {
      "version": "2.0.3",
      "resolved": "https://registry.npmjs.org/inherits/-/inherits-2.0.3.tgz",
      "integrity": "sha1-Yzwsg+PaQqUC9SRmAiSA9CCCYd4="
    },
    "is-fullwidth-code-point": {
      "version": "1.0.0",
      "resolved": "https://registry.npmjs.org/is-fullwidth-code-point/-/is-fullwidth-code-point-1.0.0.tgz",
      "integrity": "sha1-754xOG8DGn8NZDr4L95QxFfvAMs=",
      "requires": {
        "number-is-nan": "1.0.1"
      }
    },
    "keypress": {
      "version": "0.1.0",
      "resolved": "https://registry.npmjs.org/keypress/-/keypress-0.1.0.tgz",
      "integrity": "sha1-SjGI1CkbZrT2XtuZ+AaqmuKTWSo="
    },
    "lodash.map": {
      "version": "4.6.0",
      "resolved": "https://registry.npmjs.org/lodash.map/-/lodash.map-4.6.0.tgz",
      "integrity": "sha1-dx7Hg540c9nEzeKLGTlMNWL09tM=",
      "dev": true
    },
    "longest": {
      "version": "1.0.1",
      "resolved": "https://registry.npmjs.org/longest/-/longest-1.0.1.tgz",
      "integrity": "sha1-MKCy2jj3N3DoKUoNIuZiXtd9AJc=",
      "dev": true
    },
    "minimatch": {
      "version": "3.0.4",
      "resolved": "https://registry.npmjs.org/minimatch/-/minimatch-3.0.4.tgz",
      "integrity": "sha512-yJHVQEhyqPLUTgt9B83PXu6W3rx4MvvHvSUvToogpwoGDOUQ+yDrR0HRot+yOCdCO7u4hX3pWft6kWBBcqh0UA==",
      "requires": {
        "brace-expansion": "1.1.8"
      }
    },
    "nan": {
      "version": "2.3.5",
      "resolved": "https://registry.npmjs.org/nan/-/nan-2.3.5.tgz",
      "integrity": "sha1-gioNwmYpDOTNOhIoLKPn42Rmigg=",
      "optional": true
    },
    "node-xlsx": {
      "version": "0.11.0",
      "resolved": "https://registry.npmjs.org/node-xlsx/-/node-xlsx-0.11.0.tgz",
      "integrity": "sha1-a82DVVWkqEdQjqoHA0SqyOfnidU=",
      "requires": {
        "xlsx": "0.11.10"
      }
    },
    "nodejieba": {
      "version": "2.2.5",
      "resolved": "https://registry.npmjs.org/nodejieba/-/nodejieba-2.2.5.tgz",
      "integrity": "sha1-ghRBpoP60l69LI3eFAHdQ9vrAno=",
      "optional": true,
      "requires": {
        "nan": "2.3.5"
      }
    },
    "number-is-nan": {
      "version": "1.0.1",
      "resolved": "https://registry.npmjs.org/number-is-nan/-/number-is-nan-1.0.1.tgz",
      "integrity": "sha1-CXtgK1NCKlIsGvuHkDGDNpQaAR0="
    },
    "object-assign": {
      "version": "4.1.1",
      "resolved": "https://registry.npmjs.org/object-assign/-/object-assign-4.1.1.tgz",
      "integrity": "sha1-IQmtx5ZYh8/AXLvUQsrIv7s2CGM="
    },
    "once": {
      "version": "1.4.0",
      "resolved": "https://registry.npmjs.org/once/-/once-1.4.0.tgz",
      "integrity": "sha1-WDsap3WWHUsROsF9nFC6753Xa9E=",
      "requires": {
        "wrappy": "1.0.2"
      }
    },
    "path-is-absolute": {
      "version": "1.0.1",
      "resolved": "https://registry.npmjs.org/path-is-absolute/-/path-is-absolute-1.0.1.tgz",
      "integrity": "sha1-F0uSaHNVNP+8es5r9TpanhtcX18="
    },
    "pinyin": {
      "version": "2.8.3",
      "resolved": "https://registry.npmjs.org/pinyin/-/pinyin-2.8.3.tgz",
      "integrity": "sha1-MBzLQ1jM/oAlI8S9ZAphK+5NfEs=",
      "requires": {
        "commander": "1.1.1",
        "nodejieba": "2.2.5",
        "object-assign": "4.1.1"
      },
      "dependencies": {
        "commander": {
          "version": "1.1.1",
          "resolved": "https://registry.npmjs.org/commander/-/commander-1.1.1.tgz",
          "integrity": "sha1-UNFlGGiuYOzP8KLZ80WVN2vGsEE=",
          "requires": {
            "keypress": "0.1.0"
          }
        }
      }
    },
    "printj": {
      "version": "1.1.0",
      "resolved": "https://registry.npmjs.org/printj/-/printj-1.1.0.tgz",
      "integrity": "sha512-NbiNBOQ0GioHyeD3ni8wZB7ZmfU7mxIrqhWR5XSreX3rUVvk5UOwpzxOnWqrLdCtoBbdQ40sEwC+nXxxjlUo0A=="
    },
    "private": {
      "version": "0.1.8",
      "resolved": "https://registry.npmjs.org/private/-/private-0.1.8.tgz",
      "integrity": "sha512-VvivMrbvd2nKkiG38qjULzlc+4Vx4wm/whI9pQD35YrARNnhxeiRktSOhSukRLFNlzg6Br/cJPet5J/u19r/mg=="
    },
    "recast": {
      "version": "0.13.0",
      "resolved": "https://registry.npmjs.org/recast/-/recast-0.13.0.tgz",
      "integrity": "sha512-OwBhvGNxrL0aP5xhuVM0ms3UDYVG/uSfhfZjbPklRzoKiXukDbDmLqkfM6CtY/hkTTtAGizcMCp3XkqagctWOQ==",
      "requires": {
        "ast-types": "0.10.1",
        "esprima": "4.0.0",
        "private": "0.1.8",
        "source-map": "0.6.1"
      }
    },
    "right-pad": {
      "version": "1.0.1",
      "resolved": "https://registry.npmjs.org/right-pad/-/right-pad-1.0.1.tgz",
      "integrity": "sha1-jKCMLLtbVedNr6lr9/0aJ9VoyNA=",
      "dev": true
    },
    "signal-exit": {
      "version": "3.0.2",
      "resolved": "https://registry.npmjs.org/signal-exit/-/signal-exit-3.0.2.tgz",
      "integrity": "sha1-tf3AjxKH6hF4Yo5BXiUTK3NkbG0="
    },
    "source-map": {
      "version": "0.6.1",
      "resolved": "https://registry.npmjs.org/source-map/-/source-map-0.6.1.tgz",
      "integrity": "sha512-UjgapumWlbMhkBgzT7Ykc5YXUT46F0iKu8SGXq0bcwP5dz/h0Plj6enJqjz1Zbq2l5WaqYnrVbwWOWMyF3F47g=="
    },
    "ssf": {
      "version": "0.10.1",
      "resolved": "https://registry.npmjs.org/ssf/-/ssf-0.10.1.tgz",
      "integrity": "sha1-8j2CtjeS71YIkInBzQyEjpEc26Y=",
      "requires": {
        "frac": "1.1.0"
      }
    },
    "string-width": {
      "version": "1.0.2",
      "resolved": "https://registry.npmjs.org/string-width/-/string-width-1.0.2.tgz",
      "integrity": "sha1-EYvfW4zcUaKn5w0hHgfisLmxB9M=",
      "requires": {
        "code-point-at": "1.1.0",
        "is-fullwidth-code-point": "1.0.0",
        "strip-ansi": "3.0.1"
      }
    },
    "strip-ansi": {
      "version": "3.0.1",
      "resolved": "https://registry.npmjs.org/strip-ansi/-/strip-ansi-3.0.1.tgz",
      "integrity": "sha1-ajhfuIU9lS1f8F0Oiq+UJ43GPc8=",
      "requires": {
        "ansi-regex": "2.1.1"
      }
    },
    "voc": {
      "version": "1.0.0",
      "resolved": "https://registry.npmjs.org/voc/-/voc-1.0.0.tgz",
      "integrity": "sha512-mQwxWlK+zosxxDTqiFb9ZQBNgd794scgkhVwca7h9sEhvA52f3VzbOK+TOWeS8eSrFXnfuKrxElSPc5oLAetfw=="
    },
    "wide-align": {
      "version": "1.1.2",
      "resolved": "https://registry.npmjs.org/wide-align/-/wide-align-1.1.2.tgz",
      "integrity": "sha512-ijDLlyQ7s6x1JgCLur53osjm/UXUYD9+0PbYKrBsYisYXzCxN+HC3mYDNy/dWdmf3AwqwU3CXwDCvsNgGK1S0w==",
      "requires": {
        "string-width": "1.0.2"
      }
    },
    "word-wrap": {
      "version": "1.2.3",
      "resolved": "https://registry.npmjs.org/word-wrap/-/word-wrap-1.2.3.tgz",
      "integrity": "sha512-Hz/mrNwitNRh/HUAtM/VT/5VH+ygD6DV7mYKZAtHOrbs8U7lvPS6xf7EJKMF0uW1KJCl0H701g3ZGus+muE5vQ==",
      "dev": true
    },
    "wrappy": {
      "version": "1.0.2",
      "resolved": "https://registry.npmjs.org/wrappy/-/wrappy-1.0.2.tgz",
      "integrity": "sha1-tSQ9jz7BqjXxNkYFvA0QNuMKtp8="
    },
    "xlsx": {
      "version": "0.11.10",
      "resolved": "https://registry.npmjs.org/xlsx/-/xlsx-0.11.10.tgz",
      "integrity": "sha1-/B/kcpwPwBGrEEJ8iWe5GGM0RkM=",
      "requires": {
        "adler-32": "1.1.0",
        "cfb": "1.0.0",
        "codepage": "1.11.0",
        "commander": "2.11.0",
        "crc-32": "1.1.1",
        "exit-on-epipe": "1.0.1",
        "ssf": "0.10.1"
      },
      "dependencies": {
        "commander": {
          "version": "2.11.0",
          "resolved": "https://registry.npmjs.org/commander/-/commander-2.11.0.tgz",
          "integrity": "sha512-b0553uYA5YAEGgyYIGYROzKQ7X5RAqedkfjiZxwi0kL1g3bOaBNNZfYkzt/CL0umgD5wc9Jec2FbB98CjkMRvQ=="
        }
      }
    }
  }
}
