{
  "name": "ueact-utils",
  "version": "0.0.3",
  "lockfileVersion": 1,
  "requires": true,
  "dependencies": {
    "@types/lodash": {
      "version": "4.14.149",
      "resolved": "https://registry.npmjs.org/@types/lodash/-/lodash-4.14.149.tgz",
      "integrity": "sha512-ijGqzZt/b7BfzcK9vTrS6MFljQRPn5BFWOx8oE0GYxribu6uV+aA9zZuXI1zc/etK9E8nrgdoF2+LgUw7+9tJQ==",
      "dev": true
    },
    "@types/lodash.chunk": {
      "version": "4.2.6",
      "resolved": "https://registry.npmjs.org/@types/lodash.chunk/-/lodash.chunk-4.2.6.tgz",
      "integrity": "sha512-SPlusB7jxXyGcTXYcUdWr7WmhArO/rmTq54VN88iKMxGUhyg79I4Q8n4riGn3kjaTjOJrVlHhxgX/d7woak5BQ==",
      "dev": true,
      "requires": {
        "@types/lodash": "*"
      }
    },
    "lodash": {
      "version": "4.17.15"
    },
    "uuid": {
      "version": "3.3.3"
    }
  }
}
